
Microsoft Visual Studio Solution File, Format Version 12.00
# Visual Studio Version 16
VisualStudioVersion = 16.0.31605.320
MinimumVisualStudioVersion = 10.0.40219.1
Project("{FAE04EC0-301F-11D3-BF4B-00C04F79EFBC}") = "BinaryTree", "BinaryTree\BinaryTree.csproj", "{427748A0-941F-4D60-AA51-ADBA6C8E279B}"
EndProject
Global
	GlobalSection(SolutionConfigurationPlatforms) = preSolution
		Debug|Any CPU = Debug|Any CPU
		Release|Any CPU = Release|Any CPU
	EndGlobalSection
	GlobalSection(ProjectConfigurationPlatforms) = postSolution
		{427748A0-941F-4D60-AA51-ADBA6C8E279B}.Debug|Any CPU.ActiveCfg = Debug|Any CPU
		{427748A0-941F-4D60-AA51-ADBA6C8E279B}.Debug|Any CPU.Build.0 = Debug|Any CPU
		{427748A0-941F-4D60-AA51-ADBA6C8E279B}.Release|Any CPU.ActiveCfg = Release|Any CPU
		{427748A0-941F-4D60-AA51-ADBA6C8E279B}.Release|Any CPU.Build.0 = Release|Any CPU
	EndGlobalSection
	GlobalSection(SolutionProperties) = preSolution
		HideSolutionNode = FALSE
	EndGlobalSection
	GlobalSection(ExtensibilityGlobals) = postSolution
		SolutionGuid = {91AB1101-DA13-4D09-A9C4-E97E2519B84B}
	EndGlobalSection
EndGlobal
